
Microsoft Visual Studio Solution File, Format Version 12.00
# Visual Studio Version 16
VisualStudioVersion = 16.0.29418.71
MinimumVisualStudioVersion = 10.0.40219.1
Project("{FAE04EC0-301F-11D3-BF4B-00C04F79EFBC}") = "Expediente", "Expediente\Expediente.csproj", "{B1B1F018-8BAA-4B3D-A2E0-9AD026C8F608}"
EndProject
Global
	GlobalSection(SolutionConfigurationPlatforms) = preSolution
		Debug|Any CPU = Debug|Any CPU
		Release|Any CPU = Release|Any CPU
	EndGlobalSection
	GlobalSection(ProjectConfigurationPlatforms) = postSolution
		{B1B1F018-8BAA-4B3D-A2E0-9AD026C8F608}.Debug|Any CPU.ActiveCfg = Debug|Any CPU
		{B1B1F018-8BAA-4B3D-A2E0-9AD026C8F608}.Debug|Any CPU.Build.0 = Debug|Any CPU
		{B1B1F018-8BAA-4B3D-A2E0-9AD026C8F608}.Release|Any CPU.ActiveCfg = Release|Any CPU
		{B1B1F018-8BAA-4B3D-A2E0-9AD026C8F608}.Release|Any CPU.Build.0 = Release|Any CPU
	EndGlobalSection
	GlobalSection(SolutionProperties) = preSolution
		HideSolutionNode = FALSE
	EndGlobalSection
	GlobalSection(ExtensibilityGlobals) = postSolution
		SolutionGuid = {111FE983-414B-4EBC-A3F1-6E4D34DEC5A0}
	EndGlobalSection
EndGlobal
